github.com/Sternisaea/smtpservermock v0.0.0-20241126145617-54cb71434438 h1:StjH08t4WndrkLm+rRYjYbRqRwh5Yj/T4MZe/PdHZLQ=
github.com/Sternisaea/smtpservermock v0.0.0-20241126145617-54cb71434438/go.mod h1:h1/vPdn1l9GinN02wbb9jHmEJZalUh69fq/rP+9aWeg=
github.com/google/uuid v1.6.0 h1:NIvaJDMOsjHA8n1jAhLSgzrAzy1Hgr+hNrb57e+94F0=
github.com/google/uuid v1.6.0/go.mod h1:TIyPZe4MgqvfeYDBFedMoGGpEw/LqOeaOT+nhxU+yHo=
github.com/sternisaea/dnsservermock v0.0.0-20241114170711-da7cedf25c7d h1:QN2t1EvFN5FnO/xqWllaetEf0krNCq5h/QHvOguoRo8=
github.com/sternisaea/dnsservermock v0.0.0-20241114170711-da7cedf25c7d/go.mod h1:YAeLVSBV9D12cdGZRe5O0aaBlbBG0+7CwEkc/KvBGKA=
golang.org/x/net v0.30.0 h1:AcW1SDZMkb8IpzCdQUaIq2sP4sZ4zw+55h6ynffypl4=
golang.org/x/net v0.30.0/go.mod h1:2wGyMJ5iFasEhkwi13ChkO/t1ECNC4X4eBKkVFyYFlU=
golang.org/x/text v0.19.0 h1:kTxAhCbGbxhK0IwgSKiMO5awPoDQ0RpfiVYBfK860YM=
golang.org/x/text v0.19.0/go.mod h1:BuEKDfySbSR4drPmRPG/7iBdf8hvFMuRexcpahXilzY=
