github.com/Sternisaea/dnsservermock v0.0.0-20241129120909-15f8c6bc4206 h1:LntZd1DQ5u95H2CSiRWEokgPHEMGGWXpIwZPJN27ss0=
github.com/Sternisaea/dnsservermock v0.0.0-20241129120909-15f8c6bc4206/go.mod h1:G7A2LpZRRujuXfHgIVsVRxfEpuwiSZGX68JAcUKAb44=
github.com/Sternisaea/smtpservermock v0.0.0-20241129135229-87596328f818 h1:BhPvBru8Z/pUWaq/DUVh5+xB15DW+SqSMQP4uLPP9XQ=
github.com/Sternisaea/smtpservermock v0.0.0-20241129135229-87596328f818/go.mod h1:h1/vPdn1l9GinN02wbb9jHmEJZalUh69fq/rP+9aWeg=
github.com/Sternisaea/smtpservermock v0.0.0-20241129144030-b442e65e8da2 h1:2mpD1wuLSD+aoa/Vo2EyjBuXLue4Abvgb9goGpmu41o=
github.com/Sternisaea/smtpservermock v0.0.0-20241129144030-b442e65e8da2/go.mod h1:h1/vPdn1l9GinN02wbb9jHmEJZalUh69fq/rP+9aWeg=
github.com/Sternisaea/smtpservermock v0.0.0-20241202163453-0ed56134a35a h1:Cbt/X7+txnctgFmPcmbzyvsKrucHtsbz7JcIUWnIN7I=
github.com/Sternisaea/smtpservermock v0.0.0-20241202163453-0ed56134a35a/go.mod h1:h1/vPdn1l9GinN02wbb9jHmEJZalUh69fq/rP+9aWeg=
github.com/Sternisaea/smtpservermock v0.0.0-20241204141235-b6ce032c4005 h1:t4po2wXBSv9IDAWT4TPBToEo4axt3/IXtjre9GsSG8k=
github.com/Sternisaea/smtpservermock v0.0.0-20241204141235-b6ce032c4005/go.mod h1:h1/vPdn1l9GinN02wbb9jHmEJZalUh69fq/rP+9aWeg=
github.com/google/uuid v1.6.0 h1:NIvaJDMOsjHA8n1jAhLSgzrAzy1Hgr+hNrb57e+94F0=
github.com/google/uuid v1.6.0/go.mod h1:TIyPZe4MgqvfeYDBFedMoGGpEw/LqOeaOT+nhxU+yHo=
golang.org/x/net v0.31.0 h1:68CPQngjLL0r2AlUKiSxtQFKvzRVbnzLwMUn5SzcLHo=
golang.org/x/net v0.31.0/go.mod h1:P4fl1q7dY2hnZFxEk4pPSkDHF+QqjitcnDjUQyMM+pM=
golang.org/x/text v0.20.0 h1:gK/Kv2otX8gz+wn7Rmb3vT96ZwuoxnQlY+HlJVj7Qug=
golang.org/x/text v0.20.0/go.mod h1:D4IsuqiFMhST5bX19pQ9ikHC2GsaKyk/oF+pn3ducp4=
